
Microsoft Visual Studio Solution File, Format Version 12.00
# Visual Studio Version 17
VisualStudioVersion = 17.14.36408.4 d17.14
MinimumVisualStudioVersion = 10.0.40219.1
Project("{2150E333-8FDC-42A3-9474-1A3956D46DE8}") = "src", "src", "{02EA681E-C7D8-13C7-8484-4AC65E1B71E8}"
EndProject
Project("{2150E333-8FDC-42A3-9474-1A3956D46DE8}") = "tests", "tests", "{5F2D1BD9-3EAF-4A7F-9A00-4BA26EBE7DAE}"
EndProject
Project("{2150E333-8FDC-42A3-9474-1A3956D46DE8}") = "APIs", "APIs", "{6B53B6F6-1253-44C7-BA0E-89BCD2F7579C}"
EndProject
Project("{2150E333-8FDC-42A3-9474-1A3956D46DE8}") = "Core", "Core", "{A1DCCBC1-7AA0-4AE0-AD41-A8CB7BE6D95F}"
EndProject
Project("{2150E333-8FDC-42A3-9474-1A3956D46DE8}") = "Infrastructure", "Infrastructure", "{4153E6AB-9C4E-4001-AC8D-631ECF3BE4C0}"
EndProject
Project("{FAE04EC0-301F-11D3-BF4B-00C04F79EFBC}") = "OnionEcommerceAPI.API", "src\APIs\OnionEcommerceAPI.API\OnionEcommerceAPI.API.csproj", "{1CD1C387-C9AE-4B4E-8AA2-44311A75A428}"
EndProject
Project("{FAE04EC0-301F-11D3-BF4B-00C04F79EFBC}") = "OnionEcommerceAPI.Core.Domain", "src\Core\OnionEcommerceAPI.Core.Domain\OnionEcommerceAPI.Core.Domain.csproj", "{87F80215-4E2F-484D-BD6B-673186CF6338}"
EndProject
Project("{FAE04EC0-301F-11D3-BF4B-00C04F79EFBC}") = "OnionEcommerceAPI.Core.Application.Abstractions", "src\Core\OnionEcommerceAPI.Core.Application.Abstractions\OnionEcommerceAPI.Core.Application.Abstractions.csproj", "{50CCB148-ECF9-41A3-B551-ACB86EBAB774}"
EndProject
Project("{FAE04EC0-301F-11D3-BF4B-00C04F79EFBC}") = "OnionEcommerceAPI.Core.Application", "src\Core\OnionEcommerceAPI.Core.Application\OnionEcommerceAPI.Core.Application.csproj", "{BF95FE22-02F6-4D34-93C8-43C3FA6A5FA3}"
EndProject
Project("{FAE04EC0-301F-11D3-BF4B-00C04F79EFBC}") = "OnionEcommerceAPI.Infrastructure.Persistence", "src\Infrastructure\OnionEcommerceAPI.Infrastructure.Persistence\OnionEcommerceAPI.Infrastructure.Persistence.csproj", "{DAF8549D-CB92-4B5B-9F52-BA69B1B950E5}"
EndProject
Project("{FAE04EC0-301F-11D3-BF4B-00C04F79EFBC}") = "OnionEcommerceAPI.Infrastructure.Common", "src\Infrastructure\OnionEcommerceAPI.Infrastructure.Common\OnionEcommerceAPI.Infrastructure.Common.csproj", "{5D0F01AD-AE68-4AD8-896B-0FB786DF96B9}"
EndProject
Global
	GlobalSection(SolutionConfigurationPlatforms) = preSolution
		Debug|Any CPU = Debug|Any CPU
		Release|Any CPU = Release|Any CPU
	EndGlobalSection
	GlobalSection(ProjectConfigurationPlatforms) = postSolution
		{1CD1C387-C9AE-4B4E-8AA2-44311A75A428}.Debug|Any CPU.ActiveCfg = Debug|Any CPU
		{1CD1C387-C9AE-4B4E-8AA2-44311A75A428}.Debug|Any CPU.Build.0 = Debug|Any CPU
		{1CD1C387-C9AE-4B4E-8AA2-44311A75A428}.Release|Any CPU.ActiveCfg = Release|Any CPU
		{1CD1C387-C9AE-4B4E-8AA2-44311A75A428}.Release|Any CPU.Build.0 = Release|Any CPU
		{87F80215-4E2F-484D-BD6B-673186CF6338}.Debug|Any CPU.ActiveCfg = Debug|Any CPU
		{87F80215-4E2F-484D-BD6B-673186CF6338}.Debug|Any CPU.Build.0 = Debug|Any CPU
		{87F80215-4E2F-484D-BD6B-673186CF6338}.Release|Any CPU.ActiveCfg = Release|Any CPU
		{87F80215-4E2F-484D-BD6B-673186CF6338}.Release|Any CPU.Build.0 = Release|Any CPU
		{50CCB148-ECF9-41A3-B551-ACB86EBAB774}.Debug|Any CPU.ActiveCfg = Debug|Any CPU
		{50CCB148-ECF9-41A3-B551-ACB86EBAB774}.Debug|Any CPU.Build.0 = Debug|Any CPU
		{50CCB148-ECF9-41A3-B551-ACB86EBAB774}.Release|Any CPU.ActiveCfg = Release|Any CPU
		{50CCB148-ECF9-41A3-B551-ACB86EBAB774}.Release|Any CPU.Build.0 = Release|Any CPU
		{BF95FE22-02F6-4D34-93C8-43C3FA6A5FA3}.Debug|Any CPU.ActiveCfg = Debug|Any CPU
		{BF95FE22-02F6-4D34-93C8-43C3FA6A5FA3}.Debug|Any CPU.Build.0 = Debug|Any CPU
		{BF95FE22-02F6-4D34-93C8-43C3FA6A5FA3}.Release|Any CPU.ActiveCfg = Release|Any CPU
		{BF95FE22-02F6-4D34-93C8-43C3FA6A5FA3}.Release|Any CPU.Build.0 = Release|Any CPU
		{DAF8549D-CB92-4B5B-9F52-BA69B1B950E5}.Debug|Any CPU.ActiveCfg = Debug|Any CPU
		{DAF8549D-CB92-4B5B-9F52-BA69B1B950E5}.Debug|Any CPU.Build.0 = Debug|Any CPU
		{DAF8549D-CB92-4B5B-9F52-BA69B1B950E5}.Release|Any CPU.ActiveCfg = Release|Any CPU
		{DAF8549D-CB92-4B5B-9F52-BA69B1B950E5}.Release|Any CPU.Build.0 = Release|Any CPU
		{5D0F01AD-AE68-4AD8-896B-0FB786DF96B9}.Debug|Any CPU.ActiveCfg = Debug|Any CPU
		{5D0F01AD-AE68-4AD8-896B-0FB786DF96B9}.Debug|Any CPU.Build.0 = Debug|Any CPU
		{5D0F01AD-AE68-4AD8-896B-0FB786DF96B9}.Release|Any CPU.ActiveCfg = Release|Any CPU
		{5D0F01AD-AE68-4AD8-896B-0FB786DF96B9}.Release|Any CPU.Build.0 = Release|Any CPU
	EndGlobalSection
	GlobalSection(SolutionProperties) = preSolution
		HideSolutionNode = FALSE
	EndGlobalSection
	GlobalSection(NestedProjects) = preSolution
		{6B53B6F6-1253-44C7-BA0E-89BCD2F7579C} = {02EA681E-C7D8-13C7-8484-4AC65E1B71E8}
		{A1DCCBC1-7AA0-4AE0-AD41-A8CB7BE6D95F} = {02EA681E-C7D8-13C7-8484-4AC65E1B71E8}
		{4153E6AB-9C4E-4001-AC8D-631ECF3BE4C0} = {02EA681E-C7D8-13C7-8484-4AC65E1B71E8}
		{1CD1C387-C9AE-4B4E-8AA2-44311A75A428} = {6B53B6F6-1253-44C7-BA0E-89BCD2F7579C}
		{87F80215-4E2F-484D-BD6B-673186CF6338} = {A1DCCBC1-7AA0-4AE0-AD41-A8CB7BE6D95F}
		{50CCB148-ECF9-41A3-B551-ACB86EBAB774} = {A1DCCBC1-7AA0-4AE0-AD41-A8CB7BE6D95F}
		{BF95FE22-02F6-4D34-93C8-43C3FA6A5FA3} = {A1DCCBC1-7AA0-4AE0-AD41-A8CB7BE6D95F}
		{DAF8549D-CB92-4B5B-9F52-BA69B1B950E5} = {4153E6AB-9C4E-4001-AC8D-631ECF3BE4C0}
		{5D0F01AD-AE68-4AD8-896B-0FB786DF96B9} = {4153E6AB-9C4E-4001-AC8D-631ECF3BE4C0}
	EndGlobalSection
	GlobalSection(ExtensibilityGlobals) = postSolution
		SolutionGuid = {A067DB10-C0D3-4409-87E8-5E2F7B42D1AB}
	EndGlobalSection
EndGlobal
